
Microsoft Visual Studio Solution File, Format Version 12.00
# Visual Studio Version 16
VisualStudioVersion = 16.0.30804.86
MinimumVisualStudioVersion = 10.0.40219.1
Project("{FAE04EC0-301F-11D3-BF4B-00C04F79EFBC}") = "Calculator", "Calculator\Calculator.csproj", "{460FECA1-D901-4ACA-A1CA-0999D0589480}"
EndProject
Project("{FAE04EC0-301F-11D3-BF4B-00C04F79EFBC}") = "TestCalculator", "TestCalculator\TestCalculator.csproj", "{87B9AC1C-35B6-46C8-B70C-B0941BAA3279}"
EndProject
Global
	GlobalSection(SolutionConfigurationPlatforms) = preSolution
		Debug|Any CPU = Debug|Any CPU
		Release|Any CPU = Release|Any CPU
	EndGlobalSection
	GlobalSection(ProjectConfigurationPlatforms) = postSolution
		{460FECA1-D901-4ACA-A1CA-0999D0589480}.Debug|Any CPU.ActiveCfg = Debug|Any CPU
		{460FECA1-D901-4ACA-A1CA-0999D0589480}.Debug|Any CPU.Build.0 = Debug|Any CPU
		{460FECA1-D901-4ACA-A1CA-0999D0589480}.Release|Any CPU.ActiveCfg = Release|Any CPU
		{460FECA1-D901-4ACA-A1CA-0999D0589480}.Release|Any CPU.Build.0 = Release|Any CPU
		{87B9AC1C-35B6-46C8-B70C-B0941BAA3279}.Debug|Any CPU.ActiveCfg = Debug|Any CPU
		{87B9AC1C-35B6-46C8-B70C-B0941BAA3279}.Debug|Any CPU.Build.0 = Debug|Any CPU
		{87B9AC1C-35B6-46C8-B70C-B0941BAA3279}.Release|Any CPU.ActiveCfg = Release|Any CPU
		{87B9AC1C-35B6-46C8-B70C-B0941BAA3279}.Release|Any CPU.Build.0 = Release|Any CPU
	EndGlobalSection
	GlobalSection(SolutionProperties) = preSolution
		HideSolutionNode = FALSE
	EndGlobalSection
	GlobalSection(ExtensibilityGlobals) = postSolution
		SolutionGuid = {1F67AAD9-880C-4373-8279-AC2D6792D632}
	EndGlobalSection
EndGlobal
